lockfileVersion: 5.4

specifiers:
  '@tanstack/react-query': 4.3.9
  '@tanstack/react-query-devtools': 4.3.9

dependencies:
  '@tanstack/react-query': 4.3.9
  '@tanstack/react-query-devtools': 4.3.9_6uncd2226qyijsmi7v5izkluli

packages:

  /@tanstack/match-sorter-utils/8.1.1:
    resolution: {integrity: sha512-IdmEekEYxQsoLOR0XQyw3jD1GujBpRRYaGJYQUw1eOT1eUugWxdc7jomh1VQ1EKHcdwDLpLaCz/8y4KraU4T9A==}
    engines: {node: '>=12'}
    dependencies:
      remove-accents: 0.4.2
    dev: false

  /@tanstack/query-core/4.3.8:
    resolution: {integrity: sha512-AEUWtCNBIImFZ9tMt/P8V86kIhMHpfoJqAI1auGOLR8Wzeq7Ymiue789PJG0rKYcyViUicBZeHjggMqyEQVMfQ==}
    dev: false

  /@tanstack/react-query-devtools/4.3.9_6uncd2226qyijsmi7v5izkluli:
    resolution: {integrity: sha512-N+nMBwrxAYsC5oEmexCuo4OZqBpR97pfy8r8tuvekFNYlA0pYlCnsxiqkZoZzF6ewk7w8KPkkDhClx0kSlW3qw==}
    peerDependencies:
      '@tanstack/react-query': 4.3.9
      react: ^16.8.0 || ^17.0.0 || ^18.0.0
      react-dom: ^16.8.0 || ^17.0.0 || ^18.0.0
    dependencies:
      '@tanstack/match-sorter-utils': 8.1.1
      '@tanstack/react-query': 4.3.9
      use-sync-external-store: 1.2.0
    dev: false

  /@tanstack/react-query/4.3.9:
    resolution: {integrity: sha512-odfDW6WiSntCsCh+HFeJtUys3UnVOjfJMhykAtGtYvcklMyyDmCv9BVBt5KlSpbk/qW3kURPFCDapO+BFUlCwg==}
    peerDependencies:
      react: ^16.8.0 || ^17.0.0 || ^18.0.0
      react-dom: ^16.8.0 || ^17.0.0 || ^18.0.0
      react-native: '*'
    peerDependenciesMeta:
      react-dom:
        optional: true
      react-native:
        optional: true
    dependencies:
      '@tanstack/query-core': 4.3.8
      use-sync-external-store: 1.2.0
    dev: false

  /remove-accents/0.4.2:
    resolution: {integrity: sha512-7pXIJqJOq5tFgG1A2Zxti3Ht8jJF337m4sowbuHsW30ZnkQFnDzy9qBNhgzX8ZLW4+UBcXiiR7SwR6pokHsxiA==}
    dev: false

  /use-sync-external-store/1.2.0:
    resolution: {integrity: sha512-eEgnFxGQ1Ife9bzYs6VLi8/4X6CObHMw9Qr9tPY43iKwsPw8xE8+EFsf/2cFZ5S3esXgpWgtSCtLNS41F+sKPA==}
    peerDependencies:
      react: ^16.8.0 || ^17.0.0 || ^18.0.0
    dev: false
